
Microsoft Visual Studio Solution File, Format Version 12.00
# Visual Studio Version 16
VisualStudioVersion = 16.0.31424.327
MinimumVisualStudioVersion = 10.0.40219.1
Project("{888888A0-9F3D-457C-B088-3A5042F75D52}") = "aistock", "aistock\aistock.pyproj", "{67007DA4-D042-495E-9131-A04D4FEA776A}"
EndProject
Global
	GlobalSection(SolutionConfigurationPlatforms) = preSolution
		Debug|Any CPU = Debug|Any CPU
		Release|Any CPU = Release|Any CPU
	EndGlobalSection
	GlobalSection(ProjectConfigurationPlatforms) = postSolution
		{67007DA4-D042-495E-9131-A04D4FEA776A}.Debug|Any CPU.ActiveCfg = Debug|Any CPU
		{67007DA4-D042-495E-9131-A04D4FEA776A}.Release|Any CPU.ActiveCfg = Release|Any CPU
	EndGlobalSection
	GlobalSection(SolutionProperties) = preSolution
		HideSolutionNode = FALSE
	EndGlobalSection
	GlobalSection(ExtensibilityGlobals) = postSolution
		SolutionGuid = {4F9FC912-1A89-41D9-B335-D01B938677DF}
	EndGlobalSection
EndGlobal
